
Microsoft Visual Studio Solution File, Format Version 12.00
# Visual Studio 2012
Project("{FAE04EC0-301F-11D3-BF4B-00C04F79EFBC}") = "Second_Project", "Second_Project\Second_Project.csproj", "{76ECFBA9-CFA6-41AD-A280-073B9E363591}"
EndProject
Global
	GlobalSection(SolutionConfigurationPlatforms) = preSolution
		Debug|Any CPU = Debug|Any CPU
		Release|Any CPU = Release|Any CPU
	EndGlobalSection
	GlobalSection(ProjectConfigurationPlatforms) = postSolution
		{76ECFBA9-CFA6-41AD-A280-073B9E363591}.Debug|Any CPU.ActiveCfg = Debug|Any CPU
		{76ECFBA9-CFA6-41AD-A280-073B9E363591}.Debug|Any CPU.Build.0 = Debug|Any CPU
		{76ECFBA9-CFA6-41AD-A280-073B9E363591}.Release|Any CPU.ActiveCfg = Release|Any CPU
		{76ECFBA9-CFA6-41AD-A280-073B9E363591}.Release|Any CPU.Build.0 = Release|Any CPU
	EndGlobalSection
EndGlobal
